
Microsoft Visual Studio Solution File, Format Version 12.00
# Visual Studio Version 17
VisualStudioVersion = 17.5.33424.131
MinimumVisualStudioVersion = 10.0.40219.1
Project("{9A19103F-16F7-4668-BE54-9A1E7A4F7556}") = "XHS.Spider", "XHS.Spider\XHS.Spider.csproj", "{D2983354-59EC-4B43-BE72-C9687AB24B08}"
EndProject
Project("{2150E333-8FDC-42A3-9474-1A3956D46DE8}") = "Service", "Service", "{F7654DD0-507D-4441-A44D-5E617D97B6BA}"
EndProject
Project("{9A19103F-16F7-4668-BE54-9A1E7A4F7556}") = "XHS.Service", "XHS.Service\XHS.Service.csproj", "{DAFF3594-E83E-45EF-A18E-E493B32DA276}"
EndProject
Project("{9A19103F-16F7-4668-BE54-9A1E7A4F7556}") = "XHS.IService", "XHS.IService\XHS.IService.csproj", "{7CF5F234-D82D-4C66-83DB-C2C576A9B4A9}"
EndProject
Project("{2150E333-8FDC-42A3-9474-1A3956D46DE8}") = "Common", "Common", "{A50E3DD8-E49A-48CE-BFFA-5FFBA2DAA170}"
EndProject
Project("{9A19103F-16F7-4668-BE54-9A1E7A4F7556}") = "XHS.Common", "XHS.Common\XHS.Common.csproj", "{C6B66389-8826-49B3-9A09-7A7D5553533D}"
EndProject
Project("{9A19103F-16F7-4668-BE54-9A1E7A4F7556}") = "XHS.Models", "XHS.Models\XHS.Models.csproj", "{935D1150-E120-45E7-B78F-5EB603528FB7}"
EndProject
Project("{2150E333-8FDC-42A3-9474-1A3956D46DE8}") = "TEST", "TEST", "{1412A3DF-9373-4D2E-81AD-1A829C250384}"
EndProject
Project("{9A19103F-16F7-4668-BE54-9A1E7A4F7556}") = "WPF-XHS", "XHS.Test\WPF-XHS\WPF-XHS.csproj", "{03901A84-12E9-48E3-86FF-658CA79A3CF7}"
EndProject
Global
	GlobalSection(SolutionConfigurationPlatforms) = preSolution
		Debug|Any CPU = Debug|Any CPU
		Release|Any CPU = Release|Any CPU
	EndGlobalSection
	GlobalSection(ProjectConfigurationPlatforms) = postSolution
		{D2983354-59EC-4B43-BE72-C9687AB24B08}.Debug|Any CPU.ActiveCfg = Debug|Any CPU
		{D2983354-59EC-4B43-BE72-C9687AB24B08}.Debug|Any CPU.Build.0 = Debug|Any CPU
		{D2983354-59EC-4B43-BE72-C9687AB24B08}.Release|Any CPU.ActiveCfg = Release|Any CPU
		{D2983354-59EC-4B43-BE72-C9687AB24B08}.Release|Any CPU.Build.0 = Release|Any CPU
		{DAFF3594-E83E-45EF-A18E-E493B32DA276}.Debug|Any CPU.ActiveCfg = Debug|Any CPU
		{DAFF3594-E83E-45EF-A18E-E493B32DA276}.Debug|Any CPU.Build.0 = Debug|Any CPU
		{DAFF3594-E83E-45EF-A18E-E493B32DA276}.Release|Any CPU.ActiveCfg = Release|Any CPU
		{DAFF3594-E83E-45EF-A18E-E493B32DA276}.Release|Any CPU.Build.0 = Release|Any CPU
		{7CF5F234-D82D-4C66-83DB-C2C576A9B4A9}.Debug|Any CPU.ActiveCfg = Debug|Any CPU
		{7CF5F234-D82D-4C66-83DB-C2C576A9B4A9}.Debug|Any CPU.Build.0 = Debug|Any CPU
		{7CF5F234-D82D-4C66-83DB-C2C576A9B4A9}.Release|Any CPU.ActiveCfg = Release|Any CPU
		{7CF5F234-D82D-4C66-83DB-C2C576A9B4A9}.Release|Any CPU.Build.0 = Release|Any CPU
		{C6B66389-8826-49B3-9A09-7A7D5553533D}.Debug|Any CPU.ActiveCfg = Debug|Any CPU
		{C6B66389-8826-49B3-9A09-7A7D5553533D}.Debug|Any CPU.Build.0 = Debug|Any CPU
		{C6B66389-8826-49B3-9A09-7A7D5553533D}.Release|Any CPU.ActiveCfg = Release|Any CPU
		{C6B66389-8826-49B3-9A09-7A7D5553533D}.Release|Any CPU.Build.0 = Release|Any CPU
		{935D1150-E120-45E7-B78F-5EB603528FB7}.Debug|Any CPU.ActiveCfg = Debug|Any CPU
		{935D1150-E120-45E7-B78F-5EB603528FB7}.Debug|Any CPU.Build.0 = Debug|Any CPU
		{935D1150-E120-45E7-B78F-5EB603528FB7}.Release|Any CPU.ActiveCfg = Release|Any CPU
		{935D1150-E120-45E7-B78F-5EB603528FB7}.Release|Any CPU.Build.0 = Release|Any CPU
		{03901A84-12E9-48E3-86FF-658CA79A3CF7}.Debug|Any CPU.ActiveCfg = Debug|Any CPU
		{03901A84-12E9-48E3-86FF-658CA79A3CF7}.Debug|Any CPU.Build.0 = Debug|Any CPU
		{03901A84-12E9-48E3-86FF-658CA79A3CF7}.Release|Any CPU.ActiveCfg = Release|Any CPU
		{03901A84-12E9-48E3-86FF-658CA79A3CF7}.Release|Any CPU.Build.0 = Release|Any CPU
	EndGlobalSection
	GlobalSection(SolutionProperties) = preSolution
		HideSolutionNode = FALSE
	EndGlobalSection
	GlobalSection(NestedProjects) = preSolution
		{DAFF3594-E83E-45EF-A18E-E493B32DA276} = {F7654DD0-507D-4441-A44D-5E617D97B6BA}
		{7CF5F234-D82D-4C66-83DB-C2C576A9B4A9} = {F7654DD0-507D-4441-A44D-5E617D97B6BA}
		{C6B66389-8826-49B3-9A09-7A7D5553533D} = {A50E3DD8-E49A-48CE-BFFA-5FFBA2DAA170}
		{935D1150-E120-45E7-B78F-5EB603528FB7} = {A50E3DD8-E49A-48CE-BFFA-5FFBA2DAA170}
		{03901A84-12E9-48E3-86FF-658CA79A3CF7} = {1412A3DF-9373-4D2E-81AD-1A829C250384}
	EndGlobalSection
	GlobalSection(ExtensibilityGlobals) = postSolution
		SolutionGuid = {A060311B-FF82-4DB0-8E73-F0C8516260EC}
	EndGlobalSection
EndGlobal
